{
    "_meta": {
        "hash": {
            "sha256": "295bd863e4be7cc765bbd001fc8af2535c8a57c6e06dfcb787b6bc2da62b0d70"
        },
        "pipfile-spec": 6,
        "requires": {
            "python_version": "3.11"
        },
        "sources": [
            {
                "name": "pypi",
                "url": "https://pypi.org/simple",
                "verify_ssl": true
            }
        ]
    },
    "default": {
        "imgui": {
            "extras": [
                "pygame"
            ],
            "hashes": [
                "sha256:0fc382e0d3fea4da7a88a5fcd395e028722fda1bdbbe4936071f4cb0420f9dd5",
                "sha256:14fcacd6645fbcc0770d4f746abb4ee631a694895f58aef0e0d2976eab431226",
                "sha256:1d7449ca6380420ccfcf8d8483cb5ad838e222bf55347fbeeba51181ba9b721d",
                "sha256:206f217a71055d12f8395aca14a3c9e60a6411fc852791bb5e108834953ffcc6",
                "sha256:23f67fc8789e1e56c8990783dc78031b6b196f37109fb6808389cde7c3fd1bb0",
                "sha256:2bc50d3b4464f8b9465ab220854ea1131166af0717c963a3a175b3c7966a029e",
                "sha256:2fbdb8eed3b8dbd7ea98af9e4c1c6582b0bc4da942a258de16333d8c653d67e1",
                "sha256:377a210a1c118a19b70f6127384772f352bc4d5e78028a948db6182e37b6e343",
                "sha256:3811b91e818eafa924116628b400294d023819efceb71a7ed2e4b7a6b3727ecb",
                "sha256:385dbd48aa5abd297b5b9b665bd2806fbcf57c2d0f4a3b4f609bf64cc0487202",
                "sha256:3da16856d89de0f1c0c0d9732d2a1dfc7ed68182545a7a6e87ecd74b93e52da0",
                "sha256:4ae29fb159f83561d2fb5659509de9c34113ba46c8d7c066279fdddac391545e",
                "sha256:51b7084e11a50a84e09d2e5baf18926a165676325951929eb53d5936b3971eb3",
                "sha256:5876314bd7137115325d843e6985c1d939b7ab992bdc4259cbcd178988d02944",
                "sha256:5899bf6c8492c60b1e36dfcc850bdf27da3cc90d596cdfff7e563ecfedfa269b",
                "sha256:59cf4cce7642305b28c5b961392a7e5a72537036c84ba5fde2a6bf10c154a27b",
                "sha256:5ef6411f9a2f1e528894bc184f4505b935aff0d80e258e38e91ab06e308b6ae8",
                "sha256:6602d18ed735766e08cb4fb9e1c9fd420be96f8112f7357134dadd3a848a51ce",
                "sha256:66a5a3ea2c5487b83fc99d56d56df3f23b49010c2f65162ae318076beecd387d",
                "sha256:772283312cda96d0a33cc7102c644a4b796b60fc51cd7e38c926e0d7d3c5e952",
                "sha256:7f4fa4b7b2c917446ba285541574775fd61a4c5c23050989314961ea06c59ad1",
                "sha256:8bce66afefbc6cb383c19405255a3333eef10b5082e54d7fff075244aa8ac8cf",
                "sha256:8d4dd5551d2140980fb533d7a35d7efefd5060199d9cdf0ce3e65bbb27264090",
                "sha256:9015a85e90be27ab8c7d730fa1fd876fac3407b8c369fbe29fa290ed044eff79",
                "sha256:94a100c9050fb41cc043076517f1adb41cb38f0bfeaf84d21452a89ec500969f",
                "sha256:a0a333d1745721fd23bb8015fdd34deb0d6e9a2450c993506688742b9c5a0941",
                "sha256:a1f5c95505c73cd03f70d348e3f15ee2baa72b2251a636c09095b2a312c9a582",
                "sha256:aba45749ee9356202d10661f1390b75a701c0540e8d3bd3f7e51dafbf6cf36f6",
                "sha256:ac287738a6add06da73ecc7d9a0227e74f3d013c9aace17f4014814b35e85dbe",
                "sha256:adfd23b70ec4696a9128f64228a471fda9d2a709ab6c46affadb5ceb2b620626",
                "sha256:b0e61e7f5f42391f149bfbd7196148a4009a446c7663b69fea0629ff7b857f38",
                "sha256:b22f30c640a48d2e03a85bf91f80d6ed5fa6a7d0b40643e423ccf1f8411d5612",
                "sha256:b994278d0d90348a471f884930e2bd731ed92b2ae36171efdc645ffc2a64db4e",
                "sha256:bead8db082403dde37429a14b439df6fada0c909a0f06fb310c1dec94338dad4",
                "sha256:c1a88dd008046d19f9e9df95e34a8df8908007be76aefcd6a36aad759b6fe7d0",
                "sha256:c1af2761708c40c852053dd0a7d570ea0241a75ad3c27d7b55430b12003198e0",
                "sha256:c30c11780982eeb619b6badcccab2eb90acf6141d9610902679b44fbaf588310",
                "sha256:c32b442874bae79b358cacfd30be416430c8af97f9c5edcba4c22375b58fc1ed",
                "sha256:c4ea5d971bb781ec06697b72ecfa802548ebdd1f5144353d530982c1ef1d86b1",
                "sha256:c7541813f477e407db32e0242880205f4b46d23c72e16dd3f1890dd853e7549d",
                "sha256:c93d2bbeac28661efaef263f7ef139269358d42e9002357ee96d901ff851fc59",
                "sha256:cbea38112f8b4c232ef065a537266f561f952324d19409ebb0e7221648632dd3",
                "sha256:cc2c7074e07ca9802089c17ddc3a7c3059d0848c7c596a22e5aa86026d99cc18",
                "sha256:d09b85532124f2c3138bef243adc25fd57d81fa3a049d96c2a6f8c4383d90127",
                "sha256:d5e028485346057f286d9116e7bbed4e38da9990da41cdc8efc26d3bc6e010c9",
                "sha256:d6e3a48cdd5b1289bbf6a3477b86712528d3bf3f1b74f5a481647581830527ba",
                "sha256:d7ace8c05a17b359ddbc89882c4c0fc698d537eb9a0410254caaa0829003fa01",
                "sha256:e086cb9d1709b0391a06d43f1cecaa3bc384382dac3d3ca8489937050cd85efc",
                "sha256:e9c5985f24671571a94f21f793b487d2b775a5d96092145c2c242b8aee29e487",
                "sha256:ea6d37ef37e4acaa6e9ea0111cb4a61db6ed32c44164ac8bebe96b01036387bd",
                "sha256:f2448957ab4052d1a69e2e134a36d2a87c7599834639385daa88f62ac5302154",
                "sha256:f5775be372ff7154a728a8add224560c2c7654a9c902b1feb524f9342747051e",
                "sha256:f619b045688abad4ccc1896dd911d54006fdcf33da2453b9987e803b63a9a6da",
                "sha256:ff0aa7736067ae5d4d0d118902d339fd1133f2dd2181cafc3b246391a4f036a1",
                "sha256:ffcd54fb088d20ce682cba3ade24831fbbdd620807e20ab147ab0083111d0243"
            ],
            "version": "==2.0.0"
        },
        "pygame": {
            "hashes": [
                "sha256:098029d01a46ea4e30620dfb7c28a577070b456c8fc96350dde05f85c0bf51b5",
                "sha256:1551852a2cd5b4139a752888f6cbeeb4a96fc0fe6e6f3f8b9d9784eb8fceab13",
                "sha256:1c429824b1f881a7a5ce3b5c2014d3d182aa45a22cea33c8347a3971a5446907",
                "sha256:249dbf2d51d9f0266009a380ccf0532e1a57614a1528bb2f89a802b01d61f93e",
                "sha256:2ed2539bb6bd211fc570b1169dc4a64a74ec5cd95741e62a0ab46bd18fe08e0d",
                "sha256:315e7b3c1c573984f549ac5da9778ac4709b3b4e3a4061050d94eab63fa4fe31",
                "sha256:3dc242dc15d067d10f25c5b12a1da48ca9436d8e2d72353eaf757e83612fba2f",
                "sha256:3f809560c99bd1fb4716610eca0cd36412528f03da1a63841a347b71d0c604ee",
                "sha256:4928f3acf5a9ce5fbab384c21f1245304535ffd5fb167ae92a6b4d3cdb55a3b6",
                "sha256:4a63daee99d050f47d6ec7fa7dbd1c6597b8f082cdd58b6918d382d2bc31262d",
                "sha256:4f637636a44712e94e5601ec69160a080214626471983dfb0b5b68aa0c61563d",
                "sha256:4faab2df9926c4d31215986536b112f0d76f711cf02f395805f1ff5df8fd55fc",
                "sha256:4fad1ab33443ecd4f958dbbb67fc09fcdc7a37e26c34054e3296fb7e26ad641e",
                "sha256:5ef92ed93c354eabff4b85e457d4d6980115004ec7ff52a19fd38b929c3b80fb",
                "sha256:6050f3e95f1f16602153d616b52619c6a2041cee7040eb529f65689e9633fc3e",
                "sha256:6897ab87f9193510a774a3483e00debfe166f340ca159f544ef99807e2a44ec4",
                "sha256:6a284664978a1989c1e31a0888b2f70cfbcbafdfa3bb310e750b0d3366416225",
                "sha256:6acf7949ed764487d51123f4f3606e8f76b0df167fef12ef73ef423c35fdea39",
                "sha256:6f908762941fd99e1f66d1211d26383184f6045c45673443138b214bf48a89aa",
                "sha256:71eebb9803cb350298de188fb7cdd3ebf13299f78d59a71c7e81efc649aae348",
                "sha256:722d33ae676aa8533c1f955eded966411298831346b8d51a77dad22e46ba3e35",
                "sha256:79abcbf6d12fce51a955a0652ccd50b6d0a355baa27799535eaf21efb43433dd",
                "sha256:7d65fb222eea1294cfc8206d9e5754d476a1673eb2783c03c4f70e0455320274",
                "sha256:829623cee298b3dbaa1dd9f52c3051ae82f04cad7708c8c67cb9a1a4b8fd3c0b",
                "sha256:89be55b7e9e22e0eea08af9d6cfb97aed5da780f0b3a035803437d481a16d972",
                "sha256:8cb51533ee3204e8160600b0de34eaad70eb913a182c94a7777b6051e8fc52f1",
                "sha256:904aaf29710c6b03a7e1a65b198f5467ed6525e8e60bdcc5e90ff8584c1d54ea",
                "sha256:92cf12a9722f6f0bdc5520d8925a8f085cff9c054a2ea462fc409cba3781be27",
                "sha256:99902f4a2f6a338057200d99b5120a600c27a9f629ca012a9b0087c045508d08",
                "sha256:9bc1795f2e36302882546faacd5a0191463c4f4ae2b90e7c334a7733aa4190d2",
                "sha256:a0194652db7874bdde7dfc69d659ca954544c012e04ae527151325bfb970f423",
                "sha256:a6636f452fdaddf604a060849feb84c056930b6a3c036214f607741f16aac942",
                "sha256:a858bbdeac5ec473ec9e726c55fb8fbdc2f4aad7c55110e899883738071c7c9b",
                "sha256:ac906478ae489bb837bf6d2ae1eb9261d658aa2c34fa5b283027a04149bda81a",
                "sha256:ace471b3849d68968e5427fc01166ef5afaf552a5c442fc2c28d3b7226786f55",
                "sha256:afbb8d97aed93dfb116fe105603dacb68f8dab05b978a40a9e4ab1b6c1f683fd",
                "sha256:b5ac288655e8a31a303cc286e79cc57979ed2ba19c3a14042d4b6391c1d3bed2",
                "sha256:b832200bd8b6fc485e087bf3ef7ec1a21437258536413a5386088f5dcd3a9870",
                "sha256:b834711ebc8b9d0c2a5f9bfae4403dd277b2c61bcb689e1aa630d01a1ebcf40a",
                "sha256:b86771801a7fc10d9a62218f27f1d5c13341c3a27394aa25578443a9cd199830",
                "sha256:c0cb7bdf3ee0233a3ac02ef777c01dfe315e6d4670f1312c83b91c1ef124359a",
                "sha256:c71da36997dc7b9b4ee973fa3a5d4a6cfb2149161b5b1c08b712d2f13a63ccfe",
                "sha256:d11f3646b53819892f4a731e80b8589a9140343d0d4b86b826802191b241228c",
                "sha256:d3ed0547368733b854c0d9981c982a3cdfabfa01b477d095c57bf47f2199da44",
                "sha256:d666667b7826b0a7921b8ce0a282ba5281dfa106976c1a3b24e32a0af65ad3b1",
                "sha256:e432156b6f346f4cc6cab03ce9657600093390f4c9b10bf458716b25beebfe33",
                "sha256:e44bde0840cc21a91c9d368846ac538d106cf0668be1a6030f48df139609d1e8",
                "sha256:e5707aa9d029752495b3eddc1edff62e0e390a02f699b0f1ce77fe0b8c70ea4f",
                "sha256:e909186d4d512add39b662904f0f79b73028fbfc4fbfdaf6f9412aed4e500e9c",
                "sha256:e92294fcc85c4955fe5bc6a0404e4cc870808005dc8f359e881544e3cc214108",
                "sha256:eae3ee62cc172e268121d5bd9dc406a67094d33517de3a91de3323d6ae23eb02",
                "sha256:f6a58b0a5a8740a3c2cf6fc5366888bd4514561253437f093c12a9ab4fb3ecae",
                "sha256:f6e5e6c010b1bf429388acf4d41d7ab2f7ad8fbf241d0db822102d35c9a2eb84",
                "sha256:f82df23598a281c8c342d3c90be213c8fe762a26c15815511f60d0aac6e03a70",
                "sha256:fcd28f96f0fffd28e71a98773843074597e10d7f55a098e2e5bcb2bef1bdcbf5",
                "sha256:fd8848a37a7cee37854c7efb8d451334477c9f8ce7ac339c079e724dc1334a76",
                "sha256:fea019713d0c89dfd5909225aa933010100035d1cd30e6c936e8b6f00529fb80"
            ],
            "index": "pypi",
            "markers": "python_version >= '3.6'",
            "version": "==2.6.0"
        },
        "pyopengl": {
            "hashes": [
                "sha256:a6ab19cf290df6101aaf7470843a9c46207789855746399d0af92521a0a92b7a",
                "sha256:eef31a3888e6984fd4d8e6c9961b184c9813ca82604d37fe3da80eb000a76c86"
            ],
            "version": "==3.1.7"
        }
    },
    "develop": {}
}
